// !$*UTF8*$!
{
	archiveVersion = 1;
	classes = {
	};
	objectVersion = 46;
	objects = {

/* Begin PBXBuildFile section */
		B10E8C931E96642000DE2B95 /* AppCommon.swift in Sources */ = {isa = PBXBuildFile; fileRef = B10E8C921E96642000DE2B95 /* AppCommon.swift */; };
		B10E8C971E9667BB00DE2B95 /* ViewControllerExtension.swift in Sources */ = {isa = PBXBuildFile; fileRef = B10E8C961E9667BB00DE2B95 /* ViewControllerExtension.swift */; };
		B10E8C9C1E966F5F00DE2B95 /* String.swift in Sources */ = {isa = PBXBuildFile; fileRef = B10E8C9B1E966F5F00DE2B95 /* String.swift */; };
		B10E8C9E1E9683AA00DE2B95 /* UIColor.swift in Sources */ = {isa = PBXBuildFile; fileRef = B10E8C9D1E9683AA00DE2B95 /* UIColor.swift */; };
		B17AE5FA1E963D3C003A3D4E /* AppDelegate.swift in Sources */ = {isa = PBXBuildFile; fileRef = B17AE5F91E963D3C003A3D4E /* AppDelegate.swift */; };
		B17AE5FC1E963D3C003A3D4E /* ViewController.swift in Sources */ = {isa = PBXBuildFile; fileRef = B17AE5FB1E963D3C003A3D4E /* ViewController.swift */; };
		B17AE5FF1E963D3C003A3D4E /* Main.storyboard in Resources */ = {isa = PBXBuildFile; fileRef = B17AE5FD1E963D3C003A3D4E /* Main.storyboard */; };
		B17AE6011E963D3C003A3D4E /* Assets.xcassets in Resources */ = {isa = PBXBuildFile; fileRef = B17AE6001E963D3C003A3D4E /* Assets.xcassets */; };
		B17AE6041E963D3C003A3D4E /* LaunchScreen.storyboard in Resources */ = {isa = PBXBuildFile; fileRef = B17AE6021E963D3C003A3D4E /* LaunchScreen.storyboard */; };
		B17AE60F1E963D3C003A3D4E /* SillySongTests.swift in Sources */ = {isa = PBXBuildFile; fileRef = B17AE60E1E963D3C003A3D4E /* SillySongTests.swift */; };
		B17AE61A1E963D3C003A3D4E /* SillySongUITests.swift in Sources */ = {isa = PBXBuildFile; fileRef = B17AE6191E963D3C003A3D4E /* SillySongUITests.swift */; };
/* End PBXBuildFile section */

/* Begin PBXContainerItemProxy section */
		B17AE60B1E963D3C003A3D4E /* PBXContainerItemProxy */ = {
			isa = PBXContainerItemProxy;
			containerPortal = B17AE5EE1E963D3C003A3D4E /* Project object */;
			proxyType = 1;
			remoteGlobalIDString = B17AE5F51E963D3C003A3D4E;
			remoteInfo = SillySong;
		};
		B17AE6161E963D3C003A3D4E /* PBXContainerItemProxy */ = {
			isa = PBXContainerItemProxy;
			containerPortal = B17AE5EE1E963D3C003A3D4E /* Project object */;
			proxyType = 1;
			remoteGlobalIDString = B17AE5F51E963D3C003A3D4E;
			remoteInfo = SillySong;
		};
/* End PBXContainerItemProxy section */

/* Begin PBXFileReference section */
		B10E8C921E96642000DE2B95 /* AppCommon.swift */ = {isa = PBXFileReference; fileEncoding = 4; lastKnownFileType = sourcecode.swift; path = AppCommon.swift; sourceTree = "<group>"; };
		B10E8C961E9667BB00DE2B95 /* ViewControllerExtension.swift */ = {isa = PBXFileReference; fileEncoding = 4; lastKnownFileType = sourcecode.swift; path = ViewControllerExtension.swift; sourceTree = "<group>"; };
		B10E8C9B1E966F5F00DE2B95 /* String.swift */ = {isa = PBXFileReference; fileEncoding = 4; lastKnownFileType = sourcecode.swift; path = String.swift; sourceTree = "<group>"; };
		B10E8C9D1E9683AA00DE2B95 /* UIColor.swift */ = {isa = PBXFileReference; fileEncoding = 4; lastKnownFileType = sourcecode.swift; path = UIColor.swift; sourceTree = "<group>"; };
		B17AE5F61E963D3C003A3D4E /* SillySong.app */ = {isa = PBXFileReference; explicitFileType = wrapper.application; includeInIndex = 0; path = SillySong.app; sourceTree = BUILT_PRODUCTS_DIR; };
		B17AE5F91E963D3C003A3D4E /* AppDelegate.swift */ = {isa = PBXFileReference; lastKnownFileType = sourcecode.swift; path = AppDelegate.swift; sourceTree = "<group>"; };
		B17AE5FB1E963D3C003A3D4E /* ViewController.swift */ = {isa = PBXFileReference; lastKnownFileType = sourcecode.swift; path = ViewController.swift; sourceTree = "<group>"; };
		B17AE5FE1E963D3C003A3D4E /* Base */ = {isa = PBXFileReference; lastKnownFileType = file.storyboard; name = Base; path = Base.lproj/Main.storyboard; sourceTree = "<group>"; };
		B17AE6001E963D3C003A3D4E /* Assets.xcassets */ = {isa = PBXFileReference; lastKnownFileType = folder.assetcatalog; path = Assets.xcassets; sourceTree = "<group>"; };
		B17AE6031E963D3C003A3D4E /* Base */ = {isa = PBXFileReference; lastKnownFileType = file.storyboard; name = Base; path = Base.lproj/LaunchScreen.storyboard; sourceTree = "<group>"; };
		B17AE6051E963D3C003A3D4E /* Info.plist */ = {isa = PBXFileReference; lastKnownFileType = text.plist.xml; path = Info.plist; sourceTree = "<group>"; };
		B17AE60A1E963D3C003A3D4E /* SillySongTests.xctest */ = {isa = PBXFileReference; explicitFileType = wrapper.cfbundle; includeInIndex = 0; path = SillySongTests.xctest; sourceTree = BUILT_PRODUCTS_DIR; };
		B17AE60E1E963D3C003A3D4E /* SillySongTests.swift */ = {isa = PBXFileReference; lastKnownFileType = sourcecode.swift; path = SillySongTests.swift; sourceTree = "<group>"; };
		B17AE6101E963D3C003A3D4E /* Info.plist */ = {isa = PBXFileReference; lastKnownFileType = text.plist.xml; path = Info.plist; sourceTree = "<group>"; };
		B17AE6151E963D3C003A3D4E /* SillySongUITests.xctest */ = {isa = PBXFileReference; explicitFileType = wrapper.cfbundle; includeInIndex = 0; path = SillySongUITests.xctest; sourceTree = BUILT_PRODUCTS_DIR; };
		B17AE6191E963D3C003A3D4E /* SillySongUITests.swift */ = {isa = PBXFileReference; lastKnownFileType = sourcecode.swift; path = SillySongUITests.swift; sourceTree = "<group>"; };
		B17AE61B1E963D3C003A3D4E /* Info.plist */ = {isa = PBXFileReference; lastKnownFileType = text.plist.xml; path = Info.plist; sourceTree = "<group>"; };
/* End PBXFileReference section */

/* Begin PBXFrameworksBuildPhase section */
		B17AE5F31E963D3C003A3D4E /* Frameworks */ = {
			isa = PBXFrameworksBuildPhase;
			buildActionMask = 2147483647;
			files = (
			);
			runOnlyForDeploymentPostprocessing = 0;
		};
		B17AE6071E963D3C003A3D4E /* Frameworks */ = {
			isa = PBXFrameworksBuildPhase;
			buildActionMask = 2147483647;
			files = (
			);
			runOnlyForDeploymentPostprocessing = 0;
		};
		B17AE6121E963D3C003A3D4E /* Frameworks */ = {
			isa = PBXFrameworksBuildPhase;
			buildActionMask = 2147483647;
			files = (
			);
			runOnlyForDeploymentPostprocessing = 0;
		};
/* End PBXFrameworksBuildPhase section */

/* Begin PBXGroup section */
		B10E8C941E9667A300DE2B95 /* controller */ = {
			isa = PBXGroup;
			children = (
				B10E8C951E9667AB00DE2B95 /* extension */,
				B17AE5FB1E963D3C003A3D4E /* ViewController.swift */,
			);
			name = controller;
			sourceTree = "<group>";
		};
		B10E8C951E9667AB00DE2B95 /* extension */ = {
			isa = PBXGroup;
			children = (
				B10E8C961E9667BB00DE2B95 /* ViewControllerExtension.swift */,
			);
			name = extension;
			sourceTree = "<group>";
		};
		B10E8C981E966F4600DE2B95 /* model */ = {
			isa = PBXGroup;
			children = (
				B10E8C991E966F4D00DE2B95 /* common */,
			);
			name = model;
			sourceTree = "<group>";
		};
		B10E8C991E966F4D00DE2B95 /* common */ = {
			isa = PBXGroup;
			children = (
				B10E8C921E96642000DE2B95 /* AppCommon.swift */,
				B10E8C9A1E966F5300DE2B95 /* extension */,
			);
			name = common;
			sourceTree = "<group>";
		};
		B10E8C9A1E966F5300DE2B95 /* extension */ = {
			isa = PBXGroup;
			children = (
				B10E8C9B1E966F5F00DE2B95 /* String.swift */,
				B10E8C9D1E9683AA00DE2B95 /* UIColor.swift */,
			);
			name = extension;
			sourceTree = "<group>";
		};
		B174B62F1E9690D1002390FE /* view */ = {
			isa = PBXGroup;
			children = (
				B174B6311E9690EB002390FE /* storyboards */,
				B174B6301E9690E0002390FE /* partials */,
			);
			name = view;
			sourceTree = "<group>";
		};
		B174B6301E9690E0002390FE /* partials */ = {
			isa = PBXGroup;
			children = (
			);
			name = partials;
			sourceTree = "<group>";
		};
		B174B6311E9690EB002390FE /* storyboards */ = {
			isa = PBXGroup;
			children = (
				B17AE5FD1E963D3C003A3D4E /* Main.storyboard */,
				B17AE6021E963D3C003A3D4E /* LaunchScreen.storyboard */,
			);
			name = storyboards;
			sourceTree = "<group>";
		};
		B174B6321E969113002390FE /* resources */ = {
			isa = PBXGroup;
			children = (
				B17AE6001E963D3C003A3D4E /* Assets.xcassets */,
				B17AE6051E963D3C003A3D4E /* Info.plist */,
			);
			name = resources;
			sourceTree = "<group>";
		};
		B17AE5ED1E963D3C003A3D4E = {
			isa = PBXGroup;
			children = (
				B17AE5F81E963D3C003A3D4E /* SillySong */,
				B17AE60D1E963D3C003A3D4E /* SillySongTests */,
				B17AE6181E963D3C003A3D4E /* SillySongUITests */,
				B17AE5F71E963D3C003A3D4E /* Products */,
			);
			sourceTree = "<group>";
		};
		B17AE5F71E963D3C003A3D4E /* Products */ = {
			isa = PBXGroup;
			children = (
				B17AE5F61E963D3C003A3D4E /* SillySong.app */,
				B17AE60A1E963D3C003A3D4E /* SillySongTests.xctest */,
				B17AE6151E963D3C003A3D4E /* SillySongUITests.xctest */,
			);
			name = Products;
			sourceTree = "<group>";
		};
		B17AE5F81E963D3C003A3D4E /* SillySong */ = {
			isa = PBXGroup;
			children = (
				B10E8C981E966F4600DE2B95 /* model */,
				B174B62F1E9690D1002390FE /* view */,
				B10E8C941E9667A300DE2B95 /* controller */,
				B174B6321E969113002390FE /* resources */,
				B17AE5F91E963D3C003A3D4E /* AppDelegate.swift */,
			);
			path = SillySong;
			sourceTree = "<group>";
		};
		B17AE60D1E963D3C003A3D4E /* SillySongTests */ = {
			isa = PBXGroup;
			children = (
				B17AE60E1E963D3C003A3D4E /* SillySongTests.swift */,
				B17AE6101E963D3C003A3D4E /* Info.plist */,
			);
			path = SillySongTests;
			sourceTree = "<group>";
		};
		B17AE6181E963D3C003A3D4E /* SillySongUITests */ = {
			isa = PBXGroup;
			children = (
				B17AE6191E963D3C003A3D4E /* SillySongUITests.swift */,
				B17AE61B1E963D3C003A3D4E /* Info.plist */,
			);
			path = SillySongUITests;
			sourceTree = "<group>";
		};
/* End PBXGroup section */

/* Begin PBXNativeTarget section */
		B17AE5F51E963D3C003A3D4E /* SillySong */ = {
			isa = PBXNativeTarget;
			buildConfigurationList = B17AE61E1E963D3C003A3D4E /* Build configuration list for PBXNativeTarget "SillySong" */;
			buildPhases = (
				B17AE5F21E963D3C003A3D4E /* Sources */,
				B17AE5F31E963D3C003A3D4E /* Frameworks */,
				B17AE5F41E963D3C003A3D4E /* Resources */,
			);
			buildRules = (
			);
			dependencies = (
			);
			name = SillySong;
			productName = SillySong;
			productReference = B17AE5F61E963D3C003A3D4E /* SillySong.app */;
			productType = "com.apple.product-type.application";
		};
		B17AE6091E963D3C003A3D4E /* SillySongTests */ = {
			isa = PBXNativeTarget;
			buildConfigurationList = B17AE6211E963D3C003A3D4E /* Build configuration list for PBXNativeTarget "SillySongTests" */;
			buildPhases = (
				B17AE6061E963D3C003A3D4E /* Sources */,
				B17AE6071E963D3C003A3D4E /* Frameworks */,
				B17AE6081E963D3C003A3D4E /* Resources */,
			);
			buildRules = (
			);
			dependencies = (
				B17AE60C1E963D3C003A3D4E /* PBXTargetDependency */,
			);
			name = SillySongTests;
			productName = SillySongTests;
			productReference = B17AE60A1E963D3C003A3D4E /* SillySongTests.xctest */;
			productType = "com.apple.product-type.bundle.unit-test";
		};
		B17AE6141E963D3C003A3D4E /* SillySongUITests */ = {
			isa = PBXNativeTarget;
			buildConfigurationList = B17AE6241E963D3C003A3D4E /* Build configuration list for PBXNativeTarget "SillySongUITests" */;
			buildPhases = (
				B17AE6111E963D3C003A3D4E /* Sources */,
				B17AE6121E963D3C003A3D4E /* Frameworks */,
				B17AE6131E963D3C003A3D4E /* Resources */,
			);
			buildRules = (
			);
			dependencies = (
				B17AE6171E963D3C003A3D4E /* PBXTargetDependency */,
			);
			name = SillySongUITests;
			productName = SillySongUITests;
			productReference = B17AE6151E963D3C003A3D4E /* SillySongUITests.xctest */;
			productType = "com.apple.product-type.bundle.ui-testing";
		};
/* End PBXNativeTarget section */

/* Begin PBXProject section */
		B17AE5EE1E963D3C003A3D4E /* Project object */ = {
			isa = PBXProject;
			attributes = {
				LastSwiftUpdateCheck = 0830;
				LastUpgradeCheck = 0830;
				ORGANIZATIONNAME = "Patrick Paechnatz";
				TargetAttributes = {
					B17AE5F51E963D3C003A3D4E = {
						CreatedOnToolsVersion = 8.3;
						DevelopmentTeam = QYU36A8NKN;
						ProvisioningStyle = Automatic;
					};
					B17AE6091E963D3C003A3D4E = {
						CreatedOnToolsVersion = 8.3;
						DevelopmentTeam = QYU36A8NKN;
						ProvisioningStyle = Automatic;
						TestTargetID = B17AE5F51E963D3C003A3D4E;
					};
					B17AE6141E963D3C003A3D4E = {
						CreatedOnToolsVersion = 8.3;
						DevelopmentTeam = QYU36A8NKN;
						ProvisioningStyle = Automatic;
						TestTargetID = B17AE5F51E963D3C003A3D4E;
					};
				};
			};
			buildConfigurationList = B17AE5F11E963D3C003A3D4E /* Build configuration list for PBXProject "SillySong" */;
			compatibilityVersion = "Xcode 3.2";
			developmentRegion = English;
			hasScannedForEncodings = 0;
			knownRegions = (
				en,
				Base,
			);
			mainGroup = B17AE5ED1E963D3C003A3D4E;
			productRefGroup = B17AE5F71E963D3C003A3D4E /* Products */;
			projectDirPath = "";
			projectRoot = "";
			targets = (
				B17AE5F51E963D3C003A3D4E /* SillySong */,
				B17AE6091E963D3C003A3D4E /* SillySongTests */,
				B17AE6141E963D3C003A3D4E /* SillySongUITests */,
			);
		};
/* End PBXProject section */

/* Begin PBXResourcesBuildPhase section */
		B17AE5F41E963D3C003A3D4E /* Resources */ = {
			isa = PBXResourcesBuildPhase;
			buildActionMask = 2147483647;
			files = (
				B17AE6041E963D3C003A3D4E /* LaunchScreen.storyboard in Resources */,
				B17AE6011E963D3C003A3D4E /* Assets.xcassets in Resources */,
				B17AE5FF1E963D3C003A3D4E /* Main.storyboard in Resources */,
			);
			runOnlyForDeploymentPostprocessing = 0;
		};
		B17AE6081E963D3C003A3D4E /* Resources */ = {
			isa = PBXResourcesBuildPhase;
			buildActionMask = 2147483647;
			files = (
			);
			runOnlyForDeploymentPostprocessing = 0;
		};
		B17AE6131E963D3C003A3D4E /* Resources */ = {
			isa = PBXResourcesBuildPhase;
			buildActionMask = 2147483647;
			files = (
			);
			runOnlyForDeploymentPostprocessing = 0;
		};
/* End PBXResourcesBuildPhase section */

/* Begin PBXSourcesBuildPhase section */
		B17AE5F21E963D3C003A3D4E /* Sources */ = {
			isa = PBXSourcesBuildPhase;
			buildActionMask = 2147483647;
			files = (
				B10E8C971E9667BB00DE2B95 /* ViewControllerExtension.swift in Sources */,
				B10E8C931E96642000DE2B95 /* AppCommon.swift in Sources */,
				B10E8C9C1E966F5F00DE2B95 /* String.swift in Sources */,
				B17AE5FC1E963D3C003A3D4E /* ViewController.swift in Sources */,
				B17AE5FA1E963D3C003A3D4E /* AppDelegate.swift in Sources */,
				B10E8C9E1E9683AA00DE2B95 /* UIColor.swift in Sources */,
			);
			runOnlyForDeploymentPostprocessing = 0;
		};
		B17AE6061E963D3C003A3D4E /* Sources */ = {
			isa = PBXSourcesBuildPhase;
			buildActionMask = 2147483647;
			files = (
				B17AE60F1E963D3C003A3D4E /* SillySongTests.swift in Sources */,
			);
			runOnlyForDeploymentPostprocessing = 0;
		};
		B17AE6111E963D3C003A3D4E /* Sources */ = {
			isa = PBXSourcesBuildPhase;
			buildActionMask = 2147483647;
			files = (
				B17AE61A1E963D3C003A3D4E /* SillySongUITests.swift in Sources */,
			);
			runOnlyForDeploymentPostprocessing = 0;
		};
/* End PBXSourcesBuildPhase section */

/* Begin PBXTargetDependency section */
		B17AE60C1E963D3C003A3D4E /* PBXTargetDependency */ = {
			isa = PBXTargetDependency;
			target = B17AE5F51E963D3C003A3D4E /* SillySong */;
			targetProxy = B17AE60B1E963D3C003A3D4E /* PBXContainerItemProxy */;
		};
		B17AE6171E963D3C003A3D4E /* PBXTargetDependency */ = {
			isa = PBXTargetDependency;
			target = B17AE5F51E963D3C003A3D4E /* SillySong */;
			targetProxy = B17AE6161E963D3C003A3D4E /* PBXContainerItemProxy */;
		};
/* End PBXTargetDependency section */

/* Begin PBXVariantGroup section */
		B17AE5FD1E963D3C003A3D4E /* Main.storyboard */ = {
			isa = PBXVariantGroup;
			children = (
				B17AE5FE1E963D3C003A3D4E /* Base */,
			);
			name = Main.storyboard;
			sourceTree = "<group>";
		};
		B17AE6021E963D3C003A3D4E /* LaunchScreen.storyboard */ = {
			isa = PBXVariantGroup;
			children = (
				B17AE6031E963D3C003A3D4E /* Base */,
			);
			name = LaunchScreen.storyboard;
			sourceTree = "<group>";
		};
/* End PBXVariantGroup section */

/* Begin XCBuildConfiguration section */
		B17AE61C1E963D3C003A3D4E /* Debug */ = {
			isa = XCBuildConfiguration;
			buildSettings = {
				ALWAYS_SEARCH_USER_PATHS = NO;
				CLANG_ANALYZER_NONNULL = YES;
				CLANG_ANALYZER_NUMBER_OBJECT_CONVERSION = YES_AGGRESSIVE;
				CLANG_CXX_LANGUAGE_STANDARD = "gnu++0x";
				CLANG_CXX_LIBRARY = "libc++";
				CLANG_ENABLE_MODULES = YES;
				CLANG_ENABLE_OBJC_ARC = YES;
				CLANG_WARN_BOOL_CONVERSION = YES;
				CLANG_WARN_CONSTANT_CONVERSION = YES;
				CLANG_WARN_DIRECT_OBJC_ISA_USAGE = YES_ERROR;
				CLANG_WARN_DOCUMENTATION_COMMENTS = YES;
				CLANG_WARN_EMPTY_BODY = YES;
				CLANG_WARN_ENUM_CONVERSION = YES;
				CLANG_WARN_INFINITE_RECURSION = YES;
				CLANG_WARN_INT_CONVERSION = YES;
				CLANG_WARN_OBJC_ROOT_CLASS = YES_ERROR;
				CLANG_WARN_SUSPICIOUS_MOVE = YES;
				CLANG_WARN_UNREACHABLE_CODE = YES;
				CLANG_WARN__DUPLICATE_METHOD_MATCH = YES;
				"CODE_SIGN_IDENTITY[sdk=iphoneos*]" = "iPhone Developer";
				COPY_PHASE_STRIP = NO;
				DEBUG_INFORMATION_FORMAT = dwarf;
				ENABLE_STRICT_OBJC_MSGSEND = YES;
				ENABLE_TESTABILITY = YES;
				GCC_C_LANGUAGE_STANDARD = gnu99;
				GCC_DYNAMIC_NO_PIC = NO;
				GCC_NO_COMMON_BLOCKS = YES;
				GCC_OPTIMIZATION_LEVEL = 0;
				GCC_PREPROCESSOR_DEFINITIONS = (
					"DEBUG=1",
					"$(inherited)",
				);
				GCC_WARN_64_TO_32_BIT_CONVERSION = YES;
				GCC_WARN_ABOUT_RETURN_TYPE = YES_ERROR;
				GCC_WARN_UNDECLARED_SELECTOR = YES;
				GCC_WARN_UNINITIALIZED_AUTOS = YES_AGGRESSIVE;
				GCC_WARN_UNUSED_FUNCTION = YES;
				GCC_WARN_UNUSED_VARIABLE = YES;
				IPHONEOS_DEPLOYMENT_TARGET = 10.3;
				MTL_ENABLE_DEBUG_INFO = YES;
				ONLY_ACTIVE_ARCH = YES;
				SDKROOT = iphoneos;
				SWIFT_ACTIVE_COMPILATION_CONDITIONS = DEBUG;
				SWIFT_OPTIMIZATION_LEVEL = "-Onone";
				TARGETED_DEVICE_FAMILY = "1,2";
			};
			name = Debug;
		};
		B17AE61D1E963D3C003A3D4E /* Release */ = {
			isa = XCBuildConfiguration;
			buildSettings = {
				ALWAYS_SEARCH_USER_PATHS = NO;
				CLANG_ANALYZER_NONNULL = YES;
				CLANG_ANALYZER_NUMBER_OBJECT_CONVERSION = YES_AGGRESSIVE;
				CLANG_CXX_LANGUAGE_STANDARD = "gnu++0x";
				CLANG_CXX_LIBRARY = "libc++";
				CLANG_ENABLE_MODULES = YES;
				CLANG_ENABLE_OBJC_ARC = YES;
				CLANG_WARN_BOOL_CONVERSION = YES;
				CLANG_WARN_CONSTANT_CONVERSION = YES;
				CLANG_WARN_DIRECT_OBJC_ISA_USAGE = YES_ERROR;
				CLANG_WARN_DOCUMENTATION_COMMENTS = YES;
				CLANG_WARN_EMPTY_BODY = YES;
				CLANG_WARN_ENUM_CONVERSION = YES;
				CLANG_WARN_INFINITE_RECURSION = YES;
				CLANG_WARN_INT_CONVERSION = YES;
				CLANG_WARN_OBJC_ROOT_CLASS = YES_ERROR;
				CLANG_WARN_SUSPICIOUS_MOVE = YES;
				CLANG_WARN_UNREACHABLE_CODE = YES;
				CLANG_WARN__DUPLICATE_METHOD_MATCH = YES;
				"CODE_SIGN_IDENTITY[sdk=iphoneos*]" = "iPhone Developer";
				COPY_PHASE_STRIP = NO;
				DEBUG_INFORMATION_FORMAT = "dwarf-with-dsym";
				ENABLE_NS_ASSERTIONS = NO;
				ENABLE_STRICT_OBJC_MSGSEND = YES;
				GCC_C_LANGUAGE_STANDARD = gnu99;
				GCC_NO_COMMON_BLOCKS = YES;
				GCC_WARN_64_TO_32_BIT_CONVERSION = YES;
				GCC_WARN_ABOUT_RETURN_TYPE = YES_ERROR;
				GCC_WARN_UNDECLARED_SELECTOR = YES;
				GCC_WARN_UNINITIALIZED_AUTOS = YES_AGGRESSIVE;
				GCC_WARN_UNUSED_FUNCTION = YES;
				GCC_WARN_UNUSED_VARIABLE = YES;
				IPHONEOS_DEPLOYMENT_TARGET = 10.3;
				MTL_ENABLE_DEBUG_INFO = NO;
				SDKROOT = iphoneos;
				SWIFT_OPTIMIZATION_LEVEL = "-Owholemodule";
				TARGETED_DEVICE_FAMILY = "1,2";
				VALIDATE_PRODUCT = YES;
			};
			name = Release;
		};
		B17AE61F1E963D3C003A3D4E /* Debug */ = {
			isa = XCBuildConfiguration;
			buildSettings = {
				ASSETCATALOG_COMPILER_APPICON_NAME = AppIcon;
				DEVELOPMENT_TEAM = QYU36A8NKN;
				INFOPLIST_FILE = SillySong/Info.plist;
				IPHONEOS_DEPLOYMENT_TARGET = 10.2;
				LD_RUNPATH_SEARCH_PATHS = "$(inherited) @executable_path/Frameworks";
				PRODUCT_BUNDLE_IDENTIFIER = com.dunkelfrosch.ios.SillySong;
				PRODUCT_NAME = "$(TARGET_NAME)";
				SWIFT_VERSION = 3.0;
			};
			name = Debug;
		};
		B17AE6201E963D3C003A3D4E /* Release */ = {
			isa = XCBuildConfiguration;
			buildSettings = {
				ASSETCATALOG_COMPILER_APPICON_NAME = AppIcon;
				DEVELOPMENT_TEAM = QYU36A8NKN;
				INFOPLIST_FILE = SillySong/Info.plist;
				IPHONEOS_DEPLOYMENT_TARGET = 10.2;
				LD_RUNPATH_SEARCH_PATHS = "$(inherited) @executable_path/Frameworks";
				PRODUCT_BUNDLE_IDENTIFIER = com.dunkelfrosch.ios.SillySong;
				PRODUCT_NAME = "$(TARGET_NAME)";
				SWIFT_VERSION = 3.0;
			};
			name = Release;
		};
		B17AE6221E963D3C003A3D4E /* Debug */ = {
			isa = XCBuildConfiguration;
			buildSettings = {
				ALWAYS_EMBED_SWIFT_STANDARD_LIBRARIES = YES;
				BUNDLE_LOADER = "$(TEST_HOST)";
				DEVELOPMENT_TEAM = QYU36A8NKN;
				INFOPLIST_FILE = SillySongTests/Info.plist;
				LD_RUNPATH_SEARCH_PATHS = "$(inherited) @executable_path/Frameworks @loader_path/Frameworks";
				PRODUCT_BUNDLE_IDENTIFIER = com.dunkelfrosch.ios.SillySongTests;
				PRODUCT_NAME = "$(TARGET_NAME)";
				SWIFT_VERSION = 3.0;
				TEST_HOST = "$(BUILT_PRODUCTS_DIR)/SillySong.app/SillySong";
			};
			name = Debug;
		};
		B17AE6231E963D3C003A3D4E /* Release */ = {
			isa = XCBuildConfiguration;
			buildSettings = {
				ALWAYS_EMBED_SWIFT_STANDARD_LIBRARIES = YES;
				BUNDLE_LOADER = "$(TEST_HOST)";
				DEVELOPMENT_TEAM = QYU36A8NKN;
				INFOPLIST_FILE = SillySongTests/Info.plist;
				LD_RUNPATH_SEARCH_PATHS = "$(inherited) @executable_path/Frameworks @loader_path/Frameworks";
				PRODUCT_BUNDLE_IDENTIFIER = com.dunkelfrosch.ios.SillySongTests;
				PRODUCT_NAME = "$(TARGET_NAME)";
				SWIFT_VERSION = 3.0;
				TEST_HOST = "$(BUILT_PRODUCTS_DIR)/SillySong.app/SillySong";
			};
			name = Release;
		};
		B17AE6251E963D3C003A3D4E /* Debug */ = {
			isa = XCBuildConfiguration;
			buildSettings = {
				ALWAYS_EMBED_SWIFT_STANDARD_LIBRARIES = YES;
				DEVELOPMENT_TEAM = QYU36A8NKN;
				INFOPLIST_FILE = SillySongUITests/Info.plist;
				LD_RUNPATH_SEARCH_PATHS = "$(inherited) @executable_path/Frameworks @loader_path/Frameworks";
				PRODUCT_BUNDLE_IDENTIFIER = com.dunkelfrosch.ios.SillySongUITests;
				PRODUCT_NAME = "$(TARGET_NAME)";
				SWIFT_VERSION = 3.0;
				TEST_TARGET_NAME = SillySong;
			};
			name = Debug;
		};
		B17AE6261E963D3C003A3D4E /* Release */ = {
			isa = XCBuildConfiguration;
			buildSettings = {
				ALWAYS_EMBED_SWIFT_STANDARD_LIBRARIES = YES;
				DEVELOPMENT_TEAM = QYU36A8NKN;
				INFOPLIST_FILE = SillySongUITests/Info.plist;
				LD_RUNPATH_SEARCH_PATHS = "$(inherited) @executable_path/Frameworks @loader_path/Frameworks";
				PRODUCT_BUNDLE_IDENTIFIER = com.dunkelfrosch.ios.SillySongUITests;
				PRODUCT_NAME = "$(TARGET_NAME)";
				SWIFT_VERSION = 3.0;
				TEST_TARGET_NAME = SillySong;
			};
			name = Release;
		};
/* End XCBuildConfiguration section */

/* Begin XCConfigurationList section */
		B17AE5F11E963D3C003A3D4E /* Build configuration list for PBXProject "SillySong" */ = {
			isa = XCConfigurationList;
			buildConfigurations = (
				B17AE61C1E963D3C003A3D4E /* Debug */,
				B17AE61D1E963D3C003A3D4E /* Release */,
			);
			defaultConfigurationIsVisible = 0;
			defaultConfigurationName = Release;
		};
		B17AE61E1E963D3C003A3D4E /* Build configuration list for PBXNativeTarget "SillySong" */ = {
			isa = XCConfigurationList;
			buildConfigurations = (
				B17AE61F1E963D3C003A3D4E /* Debug */,
				B17AE6201E963D3C003A3D4E /* Release */,
			);
			defaultConfigurationIsVisible = 0;
			defaultConfigurationName = Release;
		};
		B17AE6211E963D3C003A3D4E /* Build configuration list for PBXNativeTarget "SillySongTests" */ = {
			isa = XCConfigurationList;
			buildConfigurations = (
				B17AE6221E963D3C003A3D4E /* Debug */,
				B17AE6231E963D3C003A3D4E /* Release */,
			);
			defaultConfigurationIsVisible = 0;
			defaultConfigurationName = Release;
		};
		B17AE6241E963D3C003A3D4E /* Build configuration list for PBXNativeTarget "SillySongUITests" */ = {
			isa = XCConfigurationList;
			buildConfigurations = (
				B17AE6251E963D3C003A3D4E /* Debug */,
				B17AE6261E963D3C003A3D4E /* Release */,
			);
			defaultConfigurationIsVisible = 0;
			defaultConfigurationName = Release;
		};
/* End XCConfigurationList section */
	};
	rootObject = B17AE5EE1E963D3C003A3D4E /* Project object */;
}
